
Microsoft Visual Studio Solution File, Format Version 12.00
# Visual Studio 2013
VisualStudioVersion = 12.0.31101.0
MinimumVisualStudioVersion = 10.0.40219.1
Project("{FAE04EC0-301F-11D3-BF4B-00C04F79EFBC}") = "HowLongToBeatSteam", "HowLongToBeatSteam\HowLongToBeatSteam.csproj", "{0C26636E-5D3B-4EE2-8CE1-0E0DA0901059}"
EndProject
Project("{FAE04EC0-301F-11D3-BF4B-00C04F79EFBC}") = "SteamHltbScraper", "SteamHltbScraper\SteamHltbScraper.csproj", "{B6C78316-2C1D-4459-AAAA-84B6F430D88D}"
EndProject
Project("{FAE04EC0-301F-11D3-BF4B-00C04F79EFBC}") = "Common", "Common\Common.csproj", "{046818B8-EF77-4AF3-9EF6-3B4CC98715B2}"
EndProject
Project("{FAE04EC0-301F-11D3-BF4B-00C04F79EFBC}") = "ManualTableUpdater", "ManualTableUpdater\ManualTableUpdater.csproj", "{49F19908-84DD-465C-98C0-4ED042EB4B70}"
EndProject
Project("{FAE04EC0-301F-11D3-BF4B-00C04F79EFBC}") = "MissingGamesUpdater", "MissingGamesUpdater\MissingGamesUpdater.csproj", "{C331A27B-C092-4C52-9F30-86368849D5BB}"
EndProject
Project("{FAE04EC0-301F-11D3-BF4B-00C04F79EFBC}") = "UnknownUpdater", "UnknownUpdater\UnknownUpdater.csproj", "{2B5C1778-81EF-41AD-8FA2-3B0FCFEFA039}"
EndProject
Project("{FAE04EC0-301F-11D3-BF4B-00C04F79EFBC}") = "HltbTests", "HltbTests\HltbTests.csproj", "{45A4C82D-FB3F-4F4E-A5B5-01D34AC8F2AF}"
EndProject
Project("{2150E333-8FDC-42A3-9474-1A3956D46DE8}") = "Solution Items", "Solution Items", "{774E95F6-D2C2-4895-A087-3C8CCE2E7D53}"
	ProjectSection(SolutionItems) = preProject
		Enterprise Library Semantic Logging Service\SemanticLogging-svc.xml = Enterprise Library Semantic Logging Service\SemanticLogging-svc.xml
	EndProjectSection
EndProject
Global
	GlobalSection(SolutionConfigurationPlatforms) = preSolution
		Debug|x86 = Debug|x86
		Release|x86 = Release|x86
	EndGlobalSection
	GlobalSection(ProjectConfigurationPlatforms) = postSolution
		{0C26636E-5D3B-4EE2-8CE1-0E0DA0901059}.Debug|x86.ActiveCfg = Debug|x86
		{0C26636E-5D3B-4EE2-8CE1-0E0DA0901059}.Debug|x86.Build.0 = Debug|x86
		{0C26636E-5D3B-4EE2-8CE1-0E0DA0901059}.Release|x86.ActiveCfg = Release|x86
		{0C26636E-5D3B-4EE2-8CE1-0E0DA0901059}.Release|x86.Build.0 = Release|x86
		{B6C78316-2C1D-4459-AAAA-84B6F430D88D}.Debug|x86.ActiveCfg = Debug|x86
		{B6C78316-2C1D-4459-AAAA-84B6F430D88D}.Debug|x86.Build.0 = Debug|x86
		{B6C78316-2C1D-4459-AAAA-84B6F430D88D}.Release|x86.ActiveCfg = Release|x86
		{B6C78316-2C1D-4459-AAAA-84B6F430D88D}.Release|x86.Build.0 = Release|x86
		{046818B8-EF77-4AF3-9EF6-3B4CC98715B2}.Debug|x86.ActiveCfg = Debug|Any CPU
		{046818B8-EF77-4AF3-9EF6-3B4CC98715B2}.Debug|x86.Build.0 = Debug|Any CPU
		{046818B8-EF77-4AF3-9EF6-3B4CC98715B2}.Release|x86.ActiveCfg = Release|Any CPU
		{046818B8-EF77-4AF3-9EF6-3B4CC98715B2}.Release|x86.Build.0 = Release|Any CPU
		{49F19908-84DD-465C-98C0-4ED042EB4B70}.Debug|x86.ActiveCfg = Debug|x86
		{49F19908-84DD-465C-98C0-4ED042EB4B70}.Debug|x86.Build.0 = Debug|x86
		{49F19908-84DD-465C-98C0-4ED042EB4B70}.Release|x86.ActiveCfg = Release|x86
		{49F19908-84DD-465C-98C0-4ED042EB4B70}.Release|x86.Build.0 = Release|x86
		{C331A27B-C092-4C52-9F30-86368849D5BB}.Debug|x86.ActiveCfg = Debug|x86
		{C331A27B-C092-4C52-9F30-86368849D5BB}.Debug|x86.Build.0 = Debug|x86
		{C331A27B-C092-4C52-9F30-86368849D5BB}.Release|x86.ActiveCfg = Release|x86
		{C331A27B-C092-4C52-9F30-86368849D5BB}.Release|x86.Build.0 = Release|x86
		{2B5C1778-81EF-41AD-8FA2-3B0FCFEFA039}.Debug|x86.ActiveCfg = Debug|x86
		{2B5C1778-81EF-41AD-8FA2-3B0FCFEFA039}.Debug|x86.Build.0 = Debug|x86
		{2B5C1778-81EF-41AD-8FA2-3B0FCFEFA039}.Release|x86.ActiveCfg = Release|x86
		{2B5C1778-81EF-41AD-8FA2-3B0FCFEFA039}.Release|x86.Build.0 = Release|x86
		{45A4C82D-FB3F-4F4E-A5B5-01D34AC8F2AF}.Debug|x86.ActiveCfg = Debug|x86
		{45A4C82D-FB3F-4F4E-A5B5-01D34AC8F2AF}.Debug|x86.Build.0 = Debug|x86
		{45A4C82D-FB3F-4F4E-A5B5-01D34AC8F2AF}.Release|x86.ActiveCfg = Release|x86
		{45A4C82D-FB3F-4F4E-A5B5-01D34AC8F2AF}.Release|x86.Build.0 = Release|x86
	EndGlobalSection
	GlobalSection(SolutionProperties) = preSolution
		HideSolutionNode = FALSE
	EndGlobalSection
	GlobalSection(ExtensibilityGlobals) = postSolution
		EnterpriseLibraryConfigurationToolBinariesPathV6 = packages\EnterpriseLibrary.TransientFaultHandling.6.0.1304.0\lib\portable-net45+win+wp8
	EndGlobalSection
EndGlobal
