
Microsoft Visual Studio Solution File, Format Version 12.00
# Visual Studio 2013
VisualStudioVersion = 12.0.30723.0
MinimumVisualStudioVersion = 10.0.40219.1
Project("{FAE04EC0-301F-11D3-BF4B-00C04F79EFBC}") = "HowLongToBeatSteam", "HowLongToBeatSteam\HowLongToBeatSteam.csproj", "{0C26636E-5D3B-4EE2-8CE1-0E0DA0901059}"
EndProject
Project("{FAE04EC0-301F-11D3-BF4B-00C04F79EFBC}") = "SteamHltbScraper", "SteamHltbScraper\SteamHltbScraper.csproj", "{B6C78316-2C1D-4459-AAAA-84B6F430D88D}"
EndProject
Project("{FAE04EC0-301F-11D3-BF4B-00C04F79EFBC}") = "Common", "Common\Common.csproj", "{046818B8-EF77-4AF3-9EF6-3B4CC98715B2}"
EndProject
Global
	GlobalSection(SolutionConfigurationPlatforms) = preSolution
		Debug|Any CPU = Debug|Any CPU
		Release|Any CPU = Release|Any CPU
	EndGlobalSection
	GlobalSection(ProjectConfigurationPlatforms) = postSolution
		{0C26636E-5D3B-4EE2-8CE1-0E0DA0901059}.Debug|Any CPU.ActiveCfg = Debug|Any CPU
		{0C26636E-5D3B-4EE2-8CE1-0E0DA0901059}.Debug|Any CPU.Build.0 = Debug|Any CPU
		{0C26636E-5D3B-4EE2-8CE1-0E0DA0901059}.Release|Any CPU.ActiveCfg = Release|Any CPU
		{0C26636E-5D3B-4EE2-8CE1-0E0DA0901059}.Release|Any CPU.Build.0 = Release|Any CPU
		{B6C78316-2C1D-4459-AAAA-84B6F430D88D}.Debug|Any CPU.ActiveCfg = Debug|Any CPU
		{B6C78316-2C1D-4459-AAAA-84B6F430D88D}.Debug|Any CPU.Build.0 = Debug|Any CPU
		{B6C78316-2C1D-4459-AAAA-84B6F430D88D}.Release|Any CPU.ActiveCfg = Release|Any CPU
		{B6C78316-2C1D-4459-AAAA-84B6F430D88D}.Release|Any CPU.Build.0 = Release|Any CPU
		{046818B8-EF77-4AF3-9EF6-3B4CC98715B2}.Debug|Any CPU.ActiveCfg = Debug|Any CPU
		{046818B8-EF77-4AF3-9EF6-3B4CC98715B2}.Debug|Any CPU.Build.0 = Debug|Any CPU
		{046818B8-EF77-4AF3-9EF6-3B4CC98715B2}.Release|Any CPU.ActiveCfg = Release|Any CPU
		{046818B8-EF77-4AF3-9EF6-3B4CC98715B2}.Release|Any CPU.Build.0 = Release|Any CPU
	EndGlobalSection
	GlobalSection(SolutionProperties) = preSolution
		HideSolutionNode = FALSE
	EndGlobalSection
EndGlobal
