
Microsoft Visual Studio Solution File, Format Version 12.00
# Visual Studio 14
VisualStudioVersion = 14.0.25420.1
MinimumVisualStudioVersion = 10.0.40219.1
Project("{FAE04EC0-301F-11D3-BF4B-00C04F79EFBC}") = "HowLongToBeatSteam", "HowLongToBeatSteam\HowLongToBeatSteam.csproj", "{0C26636E-5D3B-4EE2-8CE1-0E0DA0901059}"
EndProject
Project("{FAE04EC0-301F-11D3-BF4B-00C04F79EFBC}") = "SteamHltbScraper", "SteamHltbScraper\SteamHltbScraper.csproj", "{B6C78316-2C1D-4459-AAAA-84B6F430D88D}"
EndProject
Project("{FAE04EC0-301F-11D3-BF4B-00C04F79EFBC}") = "Common", "Common\Common.csproj", "{046818B8-EF77-4AF3-9EF6-3B4CC98715B2}"
EndProject
Project("{FAE04EC0-301F-11D3-BF4B-00C04F79EFBC}") = "ManualTableUpdater", "ManualTableUpdater\ManualTableUpdater.csproj", "{49F19908-84DD-465C-98C0-4ED042EB4B70}"
EndProject
Project("{FAE04EC0-301F-11D3-BF4B-00C04F79EFBC}") = "MissingGamesUpdater", "MissingGamesUpdater\MissingGamesUpdater.csproj", "{C331A27B-C092-4C52-9F30-86368849D5BB}"
EndProject
Project("{FAE04EC0-301F-11D3-BF4B-00C04F79EFBC}") = "UnknownUpdater", "UnknownUpdater\UnknownUpdater.csproj", "{2B5C1778-81EF-41AD-8FA2-3B0FCFEFA039}"
EndProject
Project("{FAE04EC0-301F-11D3-BF4B-00C04F79EFBC}") = "HltbTests", "HltbTests\HltbTests.csproj", "{45A4C82D-FB3F-4F4E-A5B5-01D34AC8F2AF}"
EndProject
Project("{2150E333-8FDC-42A3-9474-1A3956D46DE8}") = "Solution Items", "Solution Items", "{774E95F6-D2C2-4895-A087-3C8CCE2E7D53}"
	ProjectSection(SolutionItems) = preProject
		.gitignore = .gitignore
		ImputeZeroes.R = ImputeZeroes.R
		SemanticLogging-svc.xml = SemanticLogging-svc.xml
	EndProjectSection
EndProject
Project("{FAE04EC0-301F-11D3-BF4B-00C04F79EFBC}") = "SuggestionProcessor", "SuggestionProcessor\SuggestionProcessor.csproj", "{434340C2-B2FD-447D-904F-5C269D5CBAD8}"
EndProject
Project("{FAE04EC0-301F-11D3-BF4B-00C04F79EFBC}") = "SuggestionWatcher", "SuggestionWatcher\SuggestionWatcher.csproj", "{B84EA4F7-B99A-4360-ADBC-D1CF113B1B9A}"
EndProject
Project("{FAE04EC0-301F-11D3-BF4B-00C04F79EFBC}") = "StorageBackupUploader", "StorageBackupUploader\StorageBackupUploader.csproj", "{FEFF0AE5-0E31-4646-A0A3-85D9CF79A5BC}"
EndProject
Project("{FAE04EC0-301F-11D3-BF4B-00C04F79EFBC}") = "TestRunner", "TestRunner\TestRunner.csproj", "{5162826C-2887-4042-B8B6-6CABADC098B6}"
	ProjectSection(ProjectDependencies) = postProject
		{45A4C82D-FB3F-4F4E-A5B5-01D34AC8F2AF} = {45A4C82D-FB3F-4F4E-A5B5-01D34AC8F2AF}
	EndProjectSection
EndProject
Project("{FAE04EC0-301F-11D3-BF4B-00C04F79EFBC}") = "TestRunner.Logging", "TestRunner.Logging\TestRunner.Logging.csproj", "{6E071143-C119-4D29-85ED-CC44DD89335E}"
EndProject
Project("{FAE04EC0-301F-11D3-BF4B-00C04F79EFBC}") = "UITests", "UITests\UITests.csproj", "{60D31F92-4485-4041-B45F-1BD81B991D6F}"
EndProject
Global
	GlobalSection(SolutionConfigurationPlatforms) = preSolution
		Debug|x86 = Debug|x86
		Release|x86 = Release|x86
	EndGlobalSection
	GlobalSection(ProjectConfigurationPlatforms) = postSolution
		{0C26636E-5D3B-4EE2-8CE1-0E0DA0901059}.Debug|x86.ActiveCfg = Debug|x86
		{0C26636E-5D3B-4EE2-8CE1-0E0DA0901059}.Debug|x86.Build.0 = Debug|x86
		{0C26636E-5D3B-4EE2-8CE1-0E0DA0901059}.Release|x86.ActiveCfg = Release|x86
		{0C26636E-5D3B-4EE2-8CE1-0E0DA0901059}.Release|x86.Build.0 = Release|x86
		{B6C78316-2C1D-4459-AAAA-84B6F430D88D}.Debug|x86.ActiveCfg = Debug|x86
		{B6C78316-2C1D-4459-AAAA-84B6F430D88D}.Debug|x86.Build.0 = Debug|x86
		{B6C78316-2C1D-4459-AAAA-84B6F430D88D}.Release|x86.ActiveCfg = Release|x86
		{B6C78316-2C1D-4459-AAAA-84B6F430D88D}.Release|x86.Build.0 = Release|x86
		{046818B8-EF77-4AF3-9EF6-3B4CC98715B2}.Debug|x86.ActiveCfg = Debug|Any CPU
		{046818B8-EF77-4AF3-9EF6-3B4CC98715B2}.Debug|x86.Build.0 = Debug|Any CPU
		{046818B8-EF77-4AF3-9EF6-3B4CC98715B2}.Release|x86.ActiveCfg = Release|Any CPU
		{046818B8-EF77-4AF3-9EF6-3B4CC98715B2}.Release|x86.Build.0 = Release|Any CPU
		{49F19908-84DD-465C-98C0-4ED042EB4B70}.Debug|x86.ActiveCfg = Debug|x86
		{49F19908-84DD-465C-98C0-4ED042EB4B70}.Debug|x86.Build.0 = Debug|x86
		{49F19908-84DD-465C-98C0-4ED042EB4B70}.Release|x86.ActiveCfg = Release|x86
		{49F19908-84DD-465C-98C0-4ED042EB4B70}.Release|x86.Build.0 = Release|x86
		{C331A27B-C092-4C52-9F30-86368849D5BB}.Debug|x86.ActiveCfg = Debug|x86
		{C331A27B-C092-4C52-9F30-86368849D5BB}.Debug|x86.Build.0 = Debug|x86
		{C331A27B-C092-4C52-9F30-86368849D5BB}.Release|x86.ActiveCfg = Release|x86
		{C331A27B-C092-4C52-9F30-86368849D5BB}.Release|x86.Build.0 = Release|x86
		{2B5C1778-81EF-41AD-8FA2-3B0FCFEFA039}.Debug|x86.ActiveCfg = Debug|x86
		{2B5C1778-81EF-41AD-8FA2-3B0FCFEFA039}.Debug|x86.Build.0 = Debug|x86
		{2B5C1778-81EF-41AD-8FA2-3B0FCFEFA039}.Release|x86.ActiveCfg = Release|x86
		{2B5C1778-81EF-41AD-8FA2-3B0FCFEFA039}.Release|x86.Build.0 = Release|x86
		{45A4C82D-FB3F-4F4E-A5B5-01D34AC8F2AF}.Debug|x86.ActiveCfg = Debug|x86
		{45A4C82D-FB3F-4F4E-A5B5-01D34AC8F2AF}.Debug|x86.Build.0 = Debug|x86
		{45A4C82D-FB3F-4F4E-A5B5-01D34AC8F2AF}.Release|x86.ActiveCfg = Release|x86
		{45A4C82D-FB3F-4F4E-A5B5-01D34AC8F2AF}.Release|x86.Build.0 = Release|x86
		{434340C2-B2FD-447D-904F-5C269D5CBAD8}.Debug|x86.ActiveCfg = Debug|x86
		{434340C2-B2FD-447D-904F-5C269D5CBAD8}.Debug|x86.Build.0 = Debug|x86
		{434340C2-B2FD-447D-904F-5C269D5CBAD8}.Release|x86.ActiveCfg = Release|x86
		{434340C2-B2FD-447D-904F-5C269D5CBAD8}.Release|x86.Build.0 = Release|x86
		{B84EA4F7-B99A-4360-ADBC-D1CF113B1B9A}.Debug|x86.ActiveCfg = Debug|x86
		{B84EA4F7-B99A-4360-ADBC-D1CF113B1B9A}.Debug|x86.Build.0 = Debug|x86
		{B84EA4F7-B99A-4360-ADBC-D1CF113B1B9A}.Release|x86.ActiveCfg = Release|x86
		{B84EA4F7-B99A-4360-ADBC-D1CF113B1B9A}.Release|x86.Build.0 = Release|x86
		{FEFF0AE5-0E31-4646-A0A3-85D9CF79A5BC}.Debug|x86.ActiveCfg = Debug|x86
		{FEFF0AE5-0E31-4646-A0A3-85D9CF79A5BC}.Debug|x86.Build.0 = Debug|x86
		{FEFF0AE5-0E31-4646-A0A3-85D9CF79A5BC}.Release|x86.ActiveCfg = Release|x86
		{FEFF0AE5-0E31-4646-A0A3-85D9CF79A5BC}.Release|x86.Build.0 = Release|x86
		{5162826C-2887-4042-B8B6-6CABADC098B6}.Debug|x86.ActiveCfg = Debug|x86
		{5162826C-2887-4042-B8B6-6CABADC098B6}.Debug|x86.Build.0 = Debug|x86
		{5162826C-2887-4042-B8B6-6CABADC098B6}.Release|x86.ActiveCfg = Release|x86
		{5162826C-2887-4042-B8B6-6CABADC098B6}.Release|x86.Build.0 = Release|x86
		{6E071143-C119-4D29-85ED-CC44DD89335E}.Debug|x86.ActiveCfg = Debug|Any CPU
		{6E071143-C119-4D29-85ED-CC44DD89335E}.Debug|x86.Build.0 = Debug|Any CPU
		{6E071143-C119-4D29-85ED-CC44DD89335E}.Release|x86.ActiveCfg = Release|Any CPU
		{6E071143-C119-4D29-85ED-CC44DD89335E}.Release|x86.Build.0 = Release|Any CPU
		{60D31F92-4485-4041-B45F-1BD81B991D6F}.Debug|x86.ActiveCfg = Debug|Any CPU
		{60D31F92-4485-4041-B45F-1BD81B991D6F}.Debug|x86.Build.0 = Debug|Any CPU
		{60D31F92-4485-4041-B45F-1BD81B991D6F}.Release|x86.ActiveCfg = Release|Any CPU
		{60D31F92-4485-4041-B45F-1BD81B991D6F}.Release|x86.Build.0 = Release|Any CPU
	EndGlobalSection
	GlobalSection(SolutionProperties) = preSolution
		HideSolutionNode = FALSE
	EndGlobalSection
	GlobalSection(ExtensibilityGlobals) = postSolution
		EnterpriseLibraryConfigurationToolBinariesPathV6 = packages\EnterpriseLibrary.TransientFaultHandling.6.0.1304.0\lib\portable-net45+win+wp8
	EndGlobalSection
EndGlobal
